Microsoft Visual Studio Solution File, Format Version 12.00
# Visual Studio Version 17
VisualStudioVersion = 17.0.31808.319
MinimumVisualStudioVersion = 10.0.40219.1
Project("{9A19103F-16F7-4668-BE54-9A1E7A4F7556}") = "Mwm.MyQ.Console", "src\Mwm.MyQ.Console\Mwm.MyQ.Console.csproj", "{B0C781F2-0957-4EB4-92E4-2E6DEAD2D987}"
EndProject
Project("{2150E333-8FDC-42A3-9474-1A3956D46DE8}") = "Solution Items", "Solution Items", "{D4828A78-4422-47AA-A2B4-9B3DA0B38C75}"
	ProjectSection(SolutionItems) = preProject
		.editorconfig = .editorconfig
	EndProjectSection
EndProject
Project("{2150E333-8FDC-42A3-9474-1A3956D46DE8}") = "1) Clients", "1) Clients", "{577E2C42-F120-4B3E-9FAF-4327FE891C51}"
EndProject
Project("{2150E333-8FDC-42A3-9474-1A3956D46DE8}") = "8) Common", "8) Common", "{FFD9D25E-4952-4A18-AC28-381ED9E25525}"
EndProject
Project("{2150E333-8FDC-42A3-9474-1A3956D46DE8}") = "9) Tests", "9) Tests", "{0354F159-A241-4289-9A73-8BE4BEF410CE}"
EndProject
Project("{9A19103F-16F7-4668-BE54-9A1E7A4F7556}") = "Mwm.MyQ.Data", "src\Mwm.MyQ.Data\Mwm.MyQ.Data.csproj", "{D9A1E5B1-965C-4641-B4C9-805FD9E423F5}"
EndProject
Project("{9A19103F-16F7-4668-BE54-9A1E7A4F7556}") = "Mwm.MyQ.Server", "src\Mwm.MyQ.Server\Mwm.MyQ.Server.csproj", "{76927701-CD9E-42F0-BFC1-3B343670BC30}"
EndProject
Project("{9A19103F-16F7-4668-BE54-9A1E7A4F7556}") = "Mwm.Asana.Service", "src\Mwm.Asana.Service\Mwm.Asana.Service.csproj", "{BF4EEE8B-2AC0-4B7D-8162-E61561D10503}"
EndProject
Project("{9A19103F-16F7-4668-BE54-9A1E7A4F7556}") = "Mwm.Asana.Model", "src\Mwm.Asana.Model\Mwm.Asana.Model.csproj", "{81C23143-6D06-4724-A391-17CBD54CB49C}"
EndProject
Project("{9A19103F-16F7-4668-BE54-9A1E7A4F7556}") = "Mwm.Asana.Service.Tests", "test\Mwm.Asana.Service.Tests\Mwm.Asana.Service.Tests.csproj", "{E30C3E76-1AB9-4DC4-B355-99D40652A6DD}"
EndProject
Project("{9A19103F-16F7-4668-BE54-9A1E7A4F7556}") = "Mwm.MyQ.Service.Tests", "test\Mwm.MyQ.Service.Tests\Mwm.MyQ.Service.Tests.csproj", "{75535B06-AB95-4C71-9954-371B6C450CDF}"
EndProject
Project("{9A19103F-16F7-4668-BE54-9A1E7A4F7556}") = "Mwm.MyQ.Common", "src\Mwm.MyQ.Common\Mwm.MyQ.Common.csproj", "{0BF260CD-F879-45F6-93D9-9A4F262B8A26}"
EndProject
Project("{2150E333-8FDC-42A3-9474-1A3956D46DE8}") = "3) Application", "3) Application", "{AFF2F29C-EFAA-49D8-A3AF-A730A71CF177}"
EndProject
Project("{2150E333-8FDC-42A3-9474-1A3956D46DE8}") = "5) Domain", "5) Domain", "{9D9082E1-643D-491A-93AA-597306C83FA9}"
EndProject
Project("{2150E333-8FDC-42A3-9474-1A3956D46DE8}") = "7) Asana", "7) Asana", "{5CFDE309-91BF-4864-A2A7-3B0287302A96}"
EndProject
Project("{9A19103F-16F7-4668-BE54-9A1E7A4F7556}") = "Mwm.MyQ.Domain", "src\Mwm.MyQ.Domain\Mwm.MyQ.Domain.csproj", "{7221A645-E467-4F90-80C6-E9588C8B72F3}"
EndProject
Project("{9A19103F-16F7-4668-BE54-9A1E7A4F7556}") = "Mwm.MyQ.Application", "src\Mwm.MyQ.Application\Mwm.MyQ.Application.csproj", "{278A0C53-1990-409E-88CB-B29A2A368852}"
EndProject
Project("{2150E333-8FDC-42A3-9474-1A3956D46DE8}") = "6) Data", "6) Data", "{9747AA1F-029F-4D44-8C38-6A75D12EFC65}"
EndProject
Project("{2150E333-8FDC-42A3-9474-1A3956D46DE8}") = "2) Server", "2) Server", "{D42533F4-4203-45D6-907B-310F2095E75B}"
EndProject
Project("{9A19103F-16F7-4668-BE54-9A1E7A4F7556}") = "Mwm.MyQ.Persistance", "src\Mwm.MyQ.Persistance\Mwm.MyQ.Persistance.csproj", "{E45635FD-E505-4306-ACF0-10BF25750C51}"
EndProject
Project("{9A19103F-16F7-4668-BE54-9A1E7A4F7556}") = "Mwm.MyQ.Client.Tests", "test\Mwm.MyQ.Client.Tests\Mwm.MyQ.Client.Tests.csproj", "{0E1D7391-40B3-422B-88F9-6B0FAB9CDBF2}"
EndProject
Project("{9A19103F-16F7-4668-BE54-9A1E7A4F7556}") = "Mwm.MyQ.Client.Service", "src\Mwm.MyQ.Client.Service\Mwm.MyQ.Client.Service.csproj", "{CC2C3493-0550-4946-A382-4D3822C53EE8}"
EndProject
Project("{9A19103F-16F7-4668-BE54-9A1E7A4F7556}") = "Mwm.MyQ.Plugins", "src\Mwm.MyQ.Plugins\Mwm.MyQ.Plugins.csproj", "{D4CBF516-BE48-4385-8253-3A8B8BA4C6B3}"
EndProject
Project("{9A19103F-16F7-4668-BE54-9A1E7A4F7556}") = "Mwm.MyQ.Application.Asana", "src\Mwm.MyQ.Application.Asana\Mwm.MyQ.Application.Asana.csproj", "{EEB9DA15-A167-4405-A536-C8C01FE6D7C8}"
EndProject
Project("{9A19103F-16F7-4668-BE54-9A1E7A4F7556}") = "Mwm.MyQ.Client.Blayzor", "src\Mwm.MyQ.Client.Blayzor\Mwm.MyQ.Client.Blayzor.csproj", "{736AF595-F216-49E9-B4FC-44DFE8BCBC03}"
EndProject
Project("{9A19103F-16F7-4668-BE54-9A1E7A4F7556}") = "Mwm.MyQ.Client.Mud", "src\Mwm.MyQ.Client.Mud\Mwm.MyQ.Client.Mud.csproj", "{BC8B1FE0-A9F6-428F-AA95-593050545B91}"
EndProject
Project("{2150E333-8FDC-42A3-9474-1A3956D46DE8}") = "99) Retired", "99) Retired", "{C0C444C4-4150-4EDF-85FC-A6AEBC7B0A4C}"
EndProject
Global
	GlobalSection(SolutionConfigurationPlatforms) = preSolution
		Debug|Any CPU = Debug|Any CPU
		Release|Any CPU = Release|Any CPU
	EndGlobalSection
	GlobalSection(ProjectConfigurationPlatforms) = postSolution
		{B0C781F2-0957-4EB4-92E4-2E6DEAD2D987}.Debug|Any CPU.ActiveCfg = Debug|Any CPU
		{B0C781F2-0957-4EB4-92E4-2E6DEAD2D987}.Debug|Any CPU.Build.0 = Debug|Any CPU
		{B0C781F2-0957-4EB4-92E4-2E6DEAD2D987}.Release|Any CPU.ActiveCfg = Release|Any CPU
		{B0C781F2-0957-4EB4-92E4-2E6DEAD2D987}.Release|Any CPU.Build.0 = Release|Any CPU
		{D9A1E5B1-965C-4641-B4C9-805FD9E423F5}.Debug|Any CPU.ActiveCfg = Debug|Any CPU
		{D9A1E5B1-965C-4641-B4C9-805FD9E423F5}.Debug|Any CPU.Build.0 = Debug|Any CPU
		{D9A1E5B1-965C-4641-B4C9-805FD9E423F5}.Release|Any CPU.ActiveCfg = Release|Any CPU
		{D9A1E5B1-965C-4641-B4C9-805FD9E423F5}.Release|Any CPU.Build.0 = Release|Any CPU
		{76927701-CD9E-42F0-BFC1-3B343670BC30}.Debug|Any CPU.ActiveCfg = Debug|Any CPU
		{76927701-CD9E-42F0-BFC1-3B343670BC30}.Debug|Any CPU.Build.0 = Debug|Any CPU
		{76927701-CD9E-42F0-BFC1-3B343670BC30}.Release|Any CPU.ActiveCfg = Release|Any CPU
		{76927701-CD9E-42F0-BFC1-3B343670BC30}.Release|Any CPU.Build.0 = Release|Any CPU
		{BF4EEE8B-2AC0-4B7D-8162-E61561D10503}.Debug|Any CPU.ActiveCfg = Debug|Any CPU
		{BF4EEE8B-2AC0-4B7D-8162-E61561D10503}.Debug|Any CPU.Build.0 = Debug|Any CPU
		{BF4EEE8B-2AC0-4B7D-8162-E61561D10503}.Release|Any CPU.ActiveCfg = Release|Any CPU
		{BF4EEE8B-2AC0-4B7D-8162-E61561D10503}.Release|Any CPU.Build.0 = Release|Any CPU
		{81C23143-6D06-4724-A391-17CBD54CB49C}.Debug|Any CPU.ActiveCfg = Debug|Any CPU
		{81C23143-6D06-4724-A391-17CBD54CB49C}.Debug|Any CPU.Build.0 = Debug|Any CPU
		{81C23143-6D06-4724-A391-17CBD54CB49C}.Release|Any CPU.ActiveCfg = Release|Any CPU
		{81C23143-6D06-4724-A391-17CBD54CB49C}.Release|Any CPU.Build.0 = Release|Any CPU
		{E30C3E76-1AB9-4DC4-B355-99D40652A6DD}.Debug|Any CPU.ActiveCfg = Debug|Any CPU
		{E30C3E76-1AB9-4DC4-B355-99D40652A6DD}.Debug|Any CPU.Build.0 = Debug|Any CPU
		{E30C3E76-1AB9-4DC4-B355-99D40652A6DD}.Release|Any CPU.ActiveCfg = Release|Any CPU
		{E30C3E76-1AB9-4DC4-B355-99D40652A6DD}.Release|Any CPU.Build.0 = Release|Any CPU
		{75535B06-AB95-4C71-9954-371B6C450CDF}.Debug|Any CPU.ActiveCfg = Debug|Any CPU
		{75535B06-AB95-4C71-9954-371B6C450CDF}.Debug|Any CPU.Build.0 = Debug|Any CPU
		{75535B06-AB95-4C71-9954-371B6C450CDF}.Release|Any CPU.ActiveCfg = Release|Any CPU
		{75535B06-AB95-4C71-9954-371B6C450CDF}.Release|Any CPU.Build.0 = Release|Any CPU
		{0BF260CD-F879-45F6-93D9-9A4F262B8A26}.Debug|Any CPU.ActiveCfg = Debug|Any CPU
		{0BF260CD-F879-45F6-93D9-9A4F262B8A26}.Debug|Any CPU.Build.0 = Debug|Any CPU
		{0BF260CD-F879-45F6-93D9-9A4F262B8A26}.Release|Any CPU.ActiveCfg = Release|Any CPU
		{0BF260CD-F879-45F6-93D9-9A4F262B8A26}.Release|Any CPU.Build.0 = Release|Any CPU
		{7221A645-E467-4F90-80C6-E9588C8B72F3}.Debug|Any CPU.ActiveCfg = Debug|Any CPU
		{7221A645-E467-4F90-80C6-E9588C8B72F3}.Debug|Any CPU.Build.0 = Debug|Any CPU
		{7221A645-E467-4F90-80C6-E9588C8B72F3}.Release|Any CPU.ActiveCfg = Release|Any CPU
		{7221A645-E467-4F90-80C6-E9588C8B72F3}.Release|Any CPU.Build.0 = Release|Any CPU
		{278A0C53-1990-409E-88CB-B29A2A368852}.Debug|Any CPU.ActiveCfg = Debug|Any CPU
		{278A0C53-1990-409E-88CB-B29A2A368852}.Debug|Any CPU.Build.0 = Debug|Any CPU
		{278A0C53-1990-409E-88CB-B29A2A368852}.Release|Any CPU.ActiveCfg = Release|Any CPU
		{278A0C53-1990-409E-88CB-B29A2A368852}.Release|Any CPU.Build.0 = Release|Any CPU
		{E45635FD-E505-4306-ACF0-10BF25750C51}.Debug|Any CPU.ActiveCfg = Debug|Any CPU
		{E45635FD-E505-4306-ACF0-10BF25750C51}.Debug|Any CPU.Build.0 = Debug|Any CPU
		{E45635FD-E505-4306-ACF0-10BF25750C51}.Release|Any CPU.ActiveCfg = Release|Any CPU
		{E45635FD-E505-4306-ACF0-10BF25750C51}.Release|Any CPU.Build.0 = Release|Any CPU
		{0E1D7391-40B3-422B-88F9-6B0FAB9CDBF2}.Debug|Any CPU.ActiveCfg = Debug|Any CPU
		{0E1D7391-40B3-422B-88F9-6B0FAB9CDBF2}.Debug|Any CPU.Build.0 = Debug|Any CPU
		{0E1D7391-40B3-422B-88F9-6B0FAB9CDBF2}.Release|Any CPU.ActiveCfg = Release|Any CPU
		{0E1D7391-40B3-422B-88F9-6B0FAB9CDBF2}.Release|Any CPU.Build.0 = Release|Any CPU
		{CC2C3493-0550-4946-A382-4D3822C53EE8}.Debug|Any CPU.ActiveCfg = Debug|Any CPU
		{CC2C3493-0550-4946-A382-4D3822C53EE8}.Debug|Any CPU.Build.0 = Debug|Any CPU
		{CC2C3493-0550-4946-A382-4D3822C53EE8}.Release|Any CPU.ActiveCfg = Release|Any CPU
		{CC2C3493-0550-4946-A382-4D3822C53EE8}.Release|Any CPU.Build.0 = Release|Any CPU
		{D4CBF516-BE48-4385-8253-3A8B8BA4C6B3}.Debug|Any CPU.ActiveCfg = Debug|Any CPU
		{D4CBF516-BE48-4385-8253-3A8B8BA4C6B3}.Debug|Any CPU.Build.0 = Debug|Any CPU
		{D4CBF516-BE48-4385-8253-3A8B8BA4C6B3}.Release|Any CPU.ActiveCfg = Release|Any CPU
		{D4CBF516-BE48-4385-8253-3A8B8BA4C6B3}.Release|Any CPU.Build.0 = Release|Any CPU
		{EEB9DA15-A167-4405-A536-C8C01FE6D7C8}.Debug|Any CPU.ActiveCfg = Debug|Any CPU
		{EEB9DA15-A167-4405-A536-C8C01FE6D7C8}.Debug|Any CPU.Build.0 = Debug|Any CPU
		{EEB9DA15-A167-4405-A536-C8C01FE6D7C8}.Release|Any CPU.ActiveCfg = Release|Any CPU
		{EEB9DA15-A167-4405-A536-C8C01FE6D7C8}.Release|Any CPU.Build.0 = Release|Any CPU
		{736AF595-F216-49E9-B4FC-44DFE8BCBC03}.Debug|Any CPU.ActiveCfg = Debug|Any CPU
		{736AF595-F216-49E9-B4FC-44DFE8BCBC03}.Debug|Any CPU.Build.0 = Debug|Any CPU
		{736AF595-F216-49E9-B4FC-44DFE8BCBC03}.Release|Any CPU.ActiveCfg = Release|Any CPU
		{736AF595-F216-49E9-B4FC-44DFE8BCBC03}.Release|Any CPU.Build.0 = Release|Any CPU
		{BC8B1FE0-A9F6-428F-AA95-593050545B91}.Debug|Any CPU.ActiveCfg = Debug|Any CPU
		{BC8B1FE0-A9F6-428F-AA95-593050545B91}.Debug|Any CPU.Build.0 = Debug|Any CPU
		{BC8B1FE0-A9F6-428F-AA95-593050545B91}.Release|Any CPU.ActiveCfg = Release|Any CPU
		{BC8B1FE0-A9F6-428F-AA95-593050545B91}.Release|Any CPU.Build.0 = Release|Any CPU
	EndGlobalSection
	GlobalSection(SolutionProperties) = preSolution
		HideSolutionNode = FALSE
	EndGlobalSection
	GlobalSection(NestedProjects) = preSolution
		{B0C781F2-0957-4EB4-92E4-2E6DEAD2D987} = {577E2C42-F120-4B3E-9FAF-4327FE891C51}
		{D9A1E5B1-965C-4641-B4C9-805FD9E423F5} = {9747AA1F-029F-4D44-8C38-6A75D12EFC65}
		{76927701-CD9E-42F0-BFC1-3B343670BC30} = {D42533F4-4203-45D6-907B-310F2095E75B}
		{BF4EEE8B-2AC0-4B7D-8162-E61561D10503} = {5CFDE309-91BF-4864-A2A7-3B0287302A96}
		{81C23143-6D06-4724-A391-17CBD54CB49C} = {5CFDE309-91BF-4864-A2A7-3B0287302A96}
		{E30C3E76-1AB9-4DC4-B355-99D40652A6DD} = {0354F159-A241-4289-9A73-8BE4BEF410CE}
		{75535B06-AB95-4C71-9954-371B6C450CDF} = {0354F159-A241-4289-9A73-8BE4BEF410CE}
		{0BF260CD-F879-45F6-93D9-9A4F262B8A26} = {FFD9D25E-4952-4A18-AC28-381ED9E25525}
		{7221A645-E467-4F90-80C6-E9588C8B72F3} = {9D9082E1-643D-491A-93AA-597306C83FA9}
		{278A0C53-1990-409E-88CB-B29A2A368852} = {AFF2F29C-EFAA-49D8-A3AF-A730A71CF177}
		{E45635FD-E505-4306-ACF0-10BF25750C51} = {9747AA1F-029F-4D44-8C38-6A75D12EFC65}
		{0E1D7391-40B3-422B-88F9-6B0FAB9CDBF2} = {0354F159-A241-4289-9A73-8BE4BEF410CE}
		{CC2C3493-0550-4946-A382-4D3822C53EE8} = {577E2C42-F120-4B3E-9FAF-4327FE891C51}
		{D4CBF516-BE48-4385-8253-3A8B8BA4C6B3} = {577E2C42-F120-4B3E-9FAF-4327FE891C51}
		{EEB9DA15-A167-4405-A536-C8C01FE6D7C8} = {AFF2F29C-EFAA-49D8-A3AF-A730A71CF177}
		{736AF595-F216-49E9-B4FC-44DFE8BCBC03} = {C0C444C4-4150-4EDF-85FC-A6AEBC7B0A4C}
		{BC8B1FE0-A9F6-428F-AA95-593050545B91} = {577E2C42-F120-4B3E-9FAF-4327FE891C51}
	EndGlobalSection
	GlobalSection(ExtensibilityGlobals) = postSolution
		SolutionGuid = {BAEC8625-EDFB-456B-96CF-330C9CC36C39}
	EndGlobalSection
EndGlobal
