Microsoft Visual Studio Solution File, Format Version 12.00
# Visual Studio Version 17
VisualStudioVersion = 17.0.31808.319
MinimumVisualStudioVersion = 10.0.40219.1
Project("{2150E333-8FDC-42A3-9474-1A3956D46DE8}") = "Solution Items", "Solution Items", "{D4828A78-4422-47AA-A2B4-9B3DA0B38C75}"
	ProjectSection(SolutionItems) = preProject
		.editorconfig = .editorconfig
	EndProjectSection
EndProject
Project("{2150E333-8FDC-42A3-9474-1A3956D46DE8}") = "8) Common", "8) Common", "{FFD9D25E-4952-4A18-AC28-381ED9E25525}"
EndProject
Project("{9A19103F-16F7-4668-BE54-9A1E7A4F7556}") = "Mwm.MyQ.Data", "src\Mwm.MyQ.Data\Mwm.MyQ.Data.csproj", "{D9A1E5B1-965C-4641-B4C9-805FD9E423F5}"
EndProject
Project("{9A19103F-16F7-4668-BE54-9A1E7A4F7556}") = "Mwm.MyQ.Server", "src\Mwm.MyQ.Server\Mwm.MyQ.Server.csproj", "{76927701-CD9E-42F0-BFC1-3B343670BC30}"
EndProject
Project("{9A19103F-16F7-4668-BE54-9A1E7A4F7556}") = "Mwm.Asana.Service", "src\Mwm.Asana.Service\Mwm.Asana.Service.csproj", "{BF4EEE8B-2AC0-4B7D-8162-E61561D10503}"
EndProject
Project("{9A19103F-16F7-4668-BE54-9A1E7A4F7556}") = "Mwm.Asana.Model", "src\Mwm.Asana.Model\Mwm.Asana.Model.csproj", "{81C23143-6D06-4724-A391-17CBD54CB49C}"
EndProject
Project("{9A19103F-16F7-4668-BE54-9A1E7A4F7556}") = "Mwm.MyQ.Common", "src\Mwm.MyQ.Common\Mwm.MyQ.Common.csproj", "{0BF260CD-F879-45F6-93D9-9A4F262B8A26}"
EndProject
Project("{2150E333-8FDC-42A3-9474-1A3956D46DE8}") = "3) Application", "3) Application", "{AFF2F29C-EFAA-49D8-A3AF-A730A71CF177}"
EndProject
Project("{2150E333-8FDC-42A3-9474-1A3956D46DE8}") = "5) Domain", "5) Domain", "{9D9082E1-643D-491A-93AA-597306C83FA9}"
EndProject
Project("{2150E333-8FDC-42A3-9474-1A3956D46DE8}") = "7) Asana", "7) Asana", "{5CFDE309-91BF-4864-A2A7-3B0287302A96}"
EndProject
Project("{9A19103F-16F7-4668-BE54-9A1E7A4F7556}") = "Mwm.MyQ.Domain", "src\Mwm.MyQ.Domain\Mwm.MyQ.Domain.csproj", "{7221A645-E467-4F90-80C6-E9588C8B72F3}"
EndProject
Project("{9A19103F-16F7-4668-BE54-9A1E7A4F7556}") = "Mwm.MyQ.Application", "src\Mwm.MyQ.Application\Mwm.MyQ.Application.csproj", "{278A0C53-1990-409E-88CB-B29A2A368852}"
EndProject
Project("{2150E333-8FDC-42A3-9474-1A3956D46DE8}") = "6) Data", "6) Data", "{9747AA1F-029F-4D44-8C38-6A75D12EFC65}"
EndProject
Project("{2150E333-8FDC-42A3-9474-1A3956D46DE8}") = "2) Server", "2) Server", "{D42533F4-4203-45D6-907B-310F2095E75B}"
EndProject
Project("{9A19103F-16F7-4668-BE54-9A1E7A4F7556}") = "Mwm.MyQ.Persistance", "src\Mwm.MyQ.Persistance\Mwm.MyQ.Persistance.csproj", "{E45635FD-E505-4306-ACF0-10BF25750C51}"
EndProject
Global
	GlobalSection(SolutionConfigurationPlatforms) = preSolution
		Debug|Any CPU = Debug|Any CPU
		Release|Any CPU = Release|Any CPU
	EndGlobalSection
	GlobalSection(ProjectConfigurationPlatforms) = postSolution
		{D9A1E5B1-965C-4641-B4C9-805FD9E423F5}.Debug|Any CPU.ActiveCfg = Debug|Any CPU
		{D9A1E5B1-965C-4641-B4C9-805FD9E423F5}.Debug|Any CPU.Build.0 = Debug|Any CPU
		{D9A1E5B1-965C-4641-B4C9-805FD9E423F5}.Release|Any CPU.ActiveCfg = Release|Any CPU
		{D9A1E5B1-965C-4641-B4C9-805FD9E423F5}.Release|Any CPU.Build.0 = Release|Any CPU
		{76927701-CD9E-42F0-BFC1-3B343670BC30}.Debug|Any CPU.ActiveCfg = Debug|Any CPU
		{76927701-CD9E-42F0-BFC1-3B343670BC30}.Debug|Any CPU.Build.0 = Debug|Any CPU
		{76927701-CD9E-42F0-BFC1-3B343670BC30}.Release|Any CPU.ActiveCfg = Release|Any CPU
		{76927701-CD9E-42F0-BFC1-3B343670BC30}.Release|Any CPU.Build.0 = Release|Any CPU
		{BF4EEE8B-2AC0-4B7D-8162-E61561D10503}.Debug|Any CPU.ActiveCfg = Debug|Any CPU
		{BF4EEE8B-2AC0-4B7D-8162-E61561D10503}.Debug|Any CPU.Build.0 = Debug|Any CPU
		{BF4EEE8B-2AC0-4B7D-8162-E61561D10503}.Release|Any CPU.ActiveCfg = Release|Any CPU
		{BF4EEE8B-2AC0-4B7D-8162-E61561D10503}.Release|Any CPU.Build.0 = Release|Any CPU
		{81C23143-6D06-4724-A391-17CBD54CB49C}.Debug|Any CPU.ActiveCfg = Debug|Any CPU
		{81C23143-6D06-4724-A391-17CBD54CB49C}.Debug|Any CPU.Build.0 = Debug|Any CPU
		{81C23143-6D06-4724-A391-17CBD54CB49C}.Release|Any CPU.ActiveCfg = Release|Any CPU
		{81C23143-6D06-4724-A391-17CBD54CB49C}.Release|Any CPU.Build.0 = Release|Any CPU
		{0BF260CD-F879-45F6-93D9-9A4F262B8A26}.Debug|Any CPU.ActiveCfg = Debug|Any CPU
		{0BF260CD-F879-45F6-93D9-9A4F262B8A26}.Debug|Any CPU.Build.0 = Debug|Any CPU
		{0BF260CD-F879-45F6-93D9-9A4F262B8A26}.Release|Any CPU.ActiveCfg = Release|Any CPU
		{0BF260CD-F879-45F6-93D9-9A4F262B8A26}.Release|Any CPU.Build.0 = Release|Any CPU
		{7221A645-E467-4F90-80C6-E9588C8B72F3}.Debug|Any CPU.ActiveCfg = Debug|Any CPU
		{7221A645-E467-4F90-80C6-E9588C8B72F3}.Debug|Any CPU.Build.0 = Debug|Any CPU
		{7221A645-E467-4F90-80C6-E9588C8B72F3}.Release|Any CPU.ActiveCfg = Release|Any CPU
		{7221A645-E467-4F90-80C6-E9588C8B72F3}.Release|Any CPU.Build.0 = Release|Any CPU
		{278A0C53-1990-409E-88CB-B29A2A368852}.Debug|Any CPU.ActiveCfg = Debug|Any CPU
		{278A0C53-1990-409E-88CB-B29A2A368852}.Debug|Any CPU.Build.0 = Debug|Any CPU
		{278A0C53-1990-409E-88CB-B29A2A368852}.Release|Any CPU.ActiveCfg = Release|Any CPU
		{278A0C53-1990-409E-88CB-B29A2A368852}.Release|Any CPU.Build.0 = Release|Any CPU
		{E45635FD-E505-4306-ACF0-10BF25750C51}.Debug|Any CPU.ActiveCfg = Debug|Any CPU
		{E45635FD-E505-4306-ACF0-10BF25750C51}.Debug|Any CPU.Build.0 = Debug|Any CPU
		{E45635FD-E505-4306-ACF0-10BF25750C51}.Release|Any CPU.ActiveCfg = Release|Any CPU
		{E45635FD-E505-4306-ACF0-10BF25750C51}.Release|Any CPU.Build.0 = Release|Any CPU
	EndGlobalSection
	GlobalSection(SolutionProperties) = preSolution
		HideSolutionNode = FALSE
	EndGlobalSection
	GlobalSection(NestedProjects) = preSolution
		{D9A1E5B1-965C-4641-B4C9-805FD9E423F5} = {9747AA1F-029F-4D44-8C38-6A75D12EFC65}
		{76927701-CD9E-42F0-BFC1-3B343670BC30} = {D42533F4-4203-45D6-907B-310F2095E75B}
		{BF4EEE8B-2AC0-4B7D-8162-E61561D10503} = {5CFDE309-91BF-4864-A2A7-3B0287302A96}
		{81C23143-6D06-4724-A391-17CBD54CB49C} = {5CFDE309-91BF-4864-A2A7-3B0287302A96}
		{0BF260CD-F879-45F6-93D9-9A4F262B8A26} = {FFD9D25E-4952-4A18-AC28-381ED9E25525}
		{7221A645-E467-4F90-80C6-E9588C8B72F3} = {9D9082E1-643D-491A-93AA-597306C83FA9}
		{278A0C53-1990-409E-88CB-B29A2A368852} = {AFF2F29C-EFAA-49D8-A3AF-A730A71CF177}
		{E45635FD-E505-4306-ACF0-10BF25750C51} = {9747AA1F-029F-4D44-8C38-6A75D12EFC65}
	EndGlobalSection
	GlobalSection(ExtensibilityGlobals) = postSolution
		SolutionGuid = {BAEC8625-EDFB-456B-96CF-330C9CC36C39}
	EndGlobalSection
EndGlobal
